# THIS IS AN AUTOGENERATED FILE. DO NOT EDIT THIS FILE DIRECTLY.
# yarn lockfile v1


"cross-env@^7.0.3":
  "integrity" "sha1-hlJkspZ33AFbqEGJGJZd0jL8VM8="
  "resolved" "https://registry.npm.taobao.org/cross-env/download/cross-env-7.0.3.tgz?cache=0&sync_timestamp=1606852679403&other_urls=https%3A%2F%2Fregistry.npm.taobao.org%2Fcross-env%2Fdownload%2Fcross-env-7.0.3.tgz"
  "version" "7.0.3"
  dependencies:
    "cross-spawn" "^7.0.1"

"cross-spawn@^7.0.1":
  "integrity" "sha1-9zqFudXUHQRVUcF34ogtSshXKKY="
  "resolved" "https://registry.npm.taobao.org/cross-spawn/download/cross-spawn-7.0.3.tgz"
  "version" "7.0.3"
  dependencies:
    "path-key" "^3.1.0"
    "shebang-command" "^2.0.0"
    "which" "^2.0.1"

"isexe@^2.0.0":
  "integrity" "sha1-6PvzdNxVb/iUehDcsFctYz8s+hA="
  "resolved" "https://registry.npm.taobao.org/isexe/download/isexe-2.0.0.tgz"
  "version" "2.0.0"

"path-key@^3.1.0":
  "integrity" "sha1-WB9q3mWMu6ZaDTOA3ndTKVBU83U="
  "resolved" "https://registry.npm.taobao.org/path-key/download/path-key-3.1.1.tgz"
  "version" "3.1.1"

"shebang-command@^2.0.0":
  "integrity" "sha1-zNCvT4g1+9wmW4JGGq8MNmY/NOo="
  "resolved" "https://registry.npm.taobao.org/shebang-command/download/shebang-command-2.0.0.tgz"
  "version" "2.0.0"
  dependencies:
    "shebang-regex" "^3.0.0"

"shebang-regex@^3.0.0":
  "integrity" "sha1-rhbxZE2HPsrYQ7AwexQzYtTEIXI="
  "resolved" "https://registry.npm.taobao.org/shebang-regex/download/shebang-regex-3.0.0.tgz"
  "version" "3.0.0"

"which@^2.0.1":
  "integrity" "sha1-fGqN0KY2oDJ+ELWckobu6T8/UbE="
  "resolved" "https://registry.npm.taobao.org/which/download/which-2.0.2.tgz"
  "version" "2.0.2"
  dependencies:
    "isexe" "^2.0.0"
